
Microsoft Visual Studio Solution File, Format Version 12.00
# Visual Studio Version 16
VisualStudioVersion = 16.0.32002.261
MinimumVisualStudioVersion = 10.0.40219.1
Project("{FAE04EC0-301F-11D3-BF4B-00C04F79EFBC}") = "ASPNET_VS2019_Tutorials", "ASPNET_VS2019_Tutorials\ASPNET_VS2019_Tutorials.csproj", "{D1276B14-3A34-4B88-81F0-4D00656DA6E2}"
EndProject
Global
	GlobalSection(SolutionConfigurationPlatforms) = preSolution
		Debug|Any CPU = Debug|Any CPU
		Release|Any CPU = Release|Any CPU
	EndGlobalSection
	GlobalSection(ProjectConfigurationPlatforms) = postSolution
		{D1276B14-3A34-4B88-81F0-4D00656DA6E2}.Debug|Any CPU.ActiveCfg = Debug|Any CPU
		{D1276B14-3A34-4B88-81F0-4D00656DA6E2}.Debug|Any CPU.Build.0 = Debug|Any CPU
		{D1276B14-3A34-4B88-81F0-4D00656DA6E2}.Release|Any CPU.ActiveCfg = Release|Any CPU
		{D1276B14-3A34-4B88-81F0-4D00656DA6E2}.Release|Any CPU.Build.0 = Release|Any CPU
	EndGlobalSection
	GlobalSection(SolutionProperties) = preSolution
		HideSolutionNode = FALSE
	EndGlobalSection
	GlobalSection(ExtensibilityGlobals) = postSolution
		SolutionGuid = {33DB1B81-5C57-42C9-87AC-5106C42ABE3E}
	EndGlobalSection
EndGlobal
